
Microsoft Visual Studio Solution File, Format Version 12.00
# Visual Studio Version 17
VisualStudioVersion = 17.0.32014.148
MinimumVisualStudioVersion = 10.0.40219.1
Project("{FAE04EC0-301F-11D3-BF4B-00C04F79EFBC}") = "UserService", "UserService\UserService.csproj", "{4796C136-5D64-4B8E-A6FE-ECE5A958CC9C}"
EndProject
Project("{FAE04EC0-301F-11D3-BF4B-00C04F79EFBC}") = "PostService", "PostService\PostService.csproj", "{2FA7E7D9-2BDE-4513-A000-F5F06B417CDC}"
EndProject
Global
	GlobalSection(SolutionConfigurationPlatforms) = preSolution
		Debug|Any CPU = Debug|Any CPU
		Release|Any CPU = Release|Any CPU
	EndGlobalSection
	GlobalSection(ProjectConfigurationPlatforms) = postSolution
		{4796C136-5D64-4B8E-A6FE-ECE5A958CC9C}.Debug|Any CPU.ActiveCfg = Debug|Any CPU
		{4796C136-5D64-4B8E-A6FE-ECE5A958CC9C}.Debug|Any CPU.Build.0 = Debug|Any CPU
		{4796C136-5D64-4B8E-A6FE-ECE5A958CC9C}.Release|Any CPU.ActiveCfg = Release|Any CPU
		{4796C136-5D64-4B8E-A6FE-ECE5A958CC9C}.Release|Any CPU.Build.0 = Release|Any CPU
		{2FA7E7D9-2BDE-4513-A000-F5F06B417CDC}.Debug|Any CPU.ActiveCfg = Debug|Any CPU
		{2FA7E7D9-2BDE-4513-A000-F5F06B417CDC}.Debug|Any CPU.Build.0 = Debug|Any CPU
		{2FA7E7D9-2BDE-4513-A000-F5F06B417CDC}.Release|Any CPU.ActiveCfg = Release|Any CPU
		{2FA7E7D9-2BDE-4513-A000-F5F06B417CDC}.Release|Any CPU.Build.0 = Release|Any CPU
	EndGlobalSection
	GlobalSection(SolutionProperties) = preSolution
		HideSolutionNode = FALSE
	EndGlobalSection
	GlobalSection(ExtensibilityGlobals) = postSolution
		SolutionGuid = {ED405F07-D0BF-4DE9-9664-A72F34E16BE8}
	EndGlobalSection
EndGlobal
